
Microsoft Visual Studio Solution File, Format Version 12.00
# Visual Studio Version 17
VisualStudioVersion = 17.4.33403.182
MinimumVisualStudioVersion = 10.0.40219.1
Project("{9A19103F-16F7-4668-BE54-9A1E7A4F7556}") = "CodeGenerator", "CodeGenerator.csproj", "{80079590-2B2D-49B5-A8E0-C77DDCFEFB58}"
EndProject
Project("{FAE04EC0-301F-11D3-BF4B-00C04F79EFBC}") = "DatabaseConnectors", "..\DatabaseConnectors\DatabaseConnectors.csproj", "{236BED0F-F41F-4DCE-B21C-1C8E693507F8}"
EndProject
Project("{FAE04EC0-301F-11D3-BF4B-00C04F79EFBC}") = "Utils", "..\Utils\Utils.csproj", "{16576F45-989B-4E4E-BB6A-08C3E9B0A80E}"
EndProject
Project("{FAE04EC0-301F-11D3-BF4B-00C04F79EFBC}") = "Generators", "..\Generators\Generators.csproj", "{37690C6D-A8BC-4BCA-9775-8F290BE1E702}"
EndProject
Project("{FAE04EC0-301F-11D3-BF4B-00C04F79EFBC}") = "Domain", "..\Domain\Domain.csproj", "{C80BE5C4-F5D0-46AF-B07C-5B72D05C664D}"
EndProject
Global
	GlobalSection(SolutionConfigurationPlatforms) = preSolution
		Debug|Any CPU = Debug|Any CPU
		Release|Any CPU = Release|Any CPU
	EndGlobalSection
	GlobalSection(ProjectConfigurationPlatforms) = postSolution
		{80079590-2B2D-49B5-A8E0-C77DDCFEFB58}.Debug|Any CPU.ActiveCfg = Debug|Any CPU
		{80079590-2B2D-49B5-A8E0-C77DDCFEFB58}.Debug|Any CPU.Build.0 = Debug|Any CPU
		{80079590-2B2D-49B5-A8E0-C77DDCFEFB58}.Release|Any CPU.ActiveCfg = Release|Any CPU
		{80079590-2B2D-49B5-A8E0-C77DDCFEFB58}.Release|Any CPU.Build.0 = Release|Any CPU
		{236BED0F-F41F-4DCE-B21C-1C8E693507F8}.Debug|Any CPU.ActiveCfg = Debug|Any CPU
		{236BED0F-F41F-4DCE-B21C-1C8E693507F8}.Debug|Any CPU.Build.0 = Debug|Any CPU
		{236BED0F-F41F-4DCE-B21C-1C8E693507F8}.Release|Any CPU.ActiveCfg = Release|Any CPU
		{236BED0F-F41F-4DCE-B21C-1C8E693507F8}.Release|Any CPU.Build.0 = Release|Any CPU
		{16576F45-989B-4E4E-BB6A-08C3E9B0A80E}.Debug|Any CPU.ActiveCfg = Debug|Any CPU
		{16576F45-989B-4E4E-BB6A-08C3E9B0A80E}.Debug|Any CPU.Build.0 = Debug|Any CPU
		{16576F45-989B-4E4E-BB6A-08C3E9B0A80E}.Release|Any CPU.ActiveCfg = Release|Any CPU
		{16576F45-989B-4E4E-BB6A-08C3E9B0A80E}.Release|Any CPU.Build.0 = Release|Any CPU
		{37690C6D-A8BC-4BCA-9775-8F290BE1E702}.Debug|Any CPU.ActiveCfg = Debug|Any CPU
		{37690C6D-A8BC-4BCA-9775-8F290BE1E702}.Debug|Any CPU.Build.0 = Debug|Any CPU
		{37690C6D-A8BC-4BCA-9775-8F290BE1E702}.Release|Any CPU.ActiveCfg = Release|Any CPU
		{37690C6D-A8BC-4BCA-9775-8F290BE1E702}.Release|Any CPU.Build.0 = Release|Any CPU
		{C80BE5C4-F5D0-46AF-B07C-5B72D05C664D}.Debug|Any CPU.ActiveCfg = Debug|Any CPU
		{C80BE5C4-F5D0-46AF-B07C-5B72D05C664D}.Debug|Any CPU.Build.0 = Debug|Any CPU
		{C80BE5C4-F5D0-46AF-B07C-5B72D05C664D}.Release|Any CPU.ActiveCfg = Release|Any CPU
		{C80BE5C4-F5D0-46AF-B07C-5B72D05C664D}.Release|Any CPU.Build.0 = Release|Any CPU
	EndGlobalSection
	GlobalSection(SolutionProperties) = preSolution
		HideSolutionNode = FALSE
	EndGlobalSection
	GlobalSection(ExtensibilityGlobals) = postSolution
		SolutionGuid = {740A880E-FEEE-42A0-BFF0-E0DD302E3042}
	EndGlobalSection
EndGlobal
